{
  "name": "tutor",
  "lockfileVersion": 3,
  "requires": true,
  "packages": {
    "": {
      "name": "tutor",
      "workspaces": [
        "apps/web",
        "packages/*"
      ],
      "engines": {
        "node": ">=20"
      }
    },
    "apps/web": {
      "version": "0.1.0"
    },
    "node_modules/web": {
      "resolved": "apps/web",
      "link": true
    }
  }
}
